
Microsoft Visual Studio Solution File, Format Version 12.00
# Visual Studio Version 16
VisualStudioVersion = 16.0.29306.81
MinimumVisualStudioVersion = 10.0.40219.1
Project("{9A19103F-16F7-4668-BE54-9A1E7A4F7556}") = "WordCheater", "WordCheater\WordCheater.csproj", "{E21741E1-FFAC-45E3-B738-8565261BA67C}"
EndProject
Project("{FAE04EC0-301F-11D3-BF4B-00C04F79EFBC}") = "WordFinder", "WordFinder\WordFinder.csproj", "{37E1494F-ACC9-4F00-ADAC-2EA378A3698D}"
EndProject
Global
	GlobalSection(SolutionConfigurationPlatforms) = preSolution
		Debug|Any CPU = Debug|Any CPU
		Release|Any CPU = Release|Any CPU
	EndGlobalSection
	GlobalSection(ProjectConfigurationPlatforms) = postSolution
		{E21741E1-FFAC-45E3-B738-8565261BA67C}.Debug|Any CPU.ActiveCfg = Debug|Any CPU
		{E21741E1-FFAC-45E3-B738-8565261BA67C}.Debug|Any CPU.Build.0 = Debug|Any CPU
		{E21741E1-FFAC-45E3-B738-8565261BA67C}.Release|Any CPU.ActiveCfg = Release|Any CPU
		{E21741E1-FFAC-45E3-B738-8565261BA67C}.Release|Any CPU.Build.0 = Release|Any CPU
		{37E1494F-ACC9-4F00-ADAC-2EA378A3698D}.Debug|Any CPU.ActiveCfg = Debug|Any CPU
		{37E1494F-ACC9-4F00-ADAC-2EA378A3698D}.Debug|Any CPU.Build.0 = Debug|Any CPU
		{37E1494F-ACC9-4F00-ADAC-2EA378A3698D}.Release|Any CPU.ActiveCfg = Release|Any CPU
		{37E1494F-ACC9-4F00-ADAC-2EA378A3698D}.Release|Any CPU.Build.0 = Release|Any CPU
	EndGlobalSection
	GlobalSection(SolutionProperties) = preSolution
		HideSolutionNode = FALSE
	EndGlobalSection
	GlobalSection(ExtensibilityGlobals) = postSolution
		SolutionGuid = {330F6842-6040-44E8-B039-CB04E9AC4FD1}
	EndGlobalSection
EndGlobal
